// !$*UTF8*$!
{
	archiveVersion = 1;
	classes = {
	};
	objectVersion = 45;
	objects = {

/* Begin PBXBuildFile section */
		1DDD58160DA1D0A300B32029 /* MainMenu.xib in Resources */ = {isa = PBXBuildFile; fileRef = 1DDD58140DA1D0A300B32029 /* MainMenu.xib */; };
		72B3C18B0FF65052004C58DC /* TaskWrapper.m in Sources */ = {isa = PBXBuildFile; fileRef = 72B3C1870FF65052004C58DC /* TaskWrapper.m */; };
		72B3C18C0FF65052004C58DC /* FlashLogViewerController.mm in Sources */ = {isa = PBXBuildFile; fileRef = 72B3C1890FF65052004C58DC /* FlashLogViewerController.mm */; };
		72CEA07B0FFFDA8200E24A1F /* AlphaPanel.m in Sources */ = {isa = PBXBuildFile; fileRef = 72CEA0790FFFDA8200E24A1F /* AlphaPanel.m */; };
		8D11072B0486CEB800E47090 /* InfoPlist.strings in Resources */ = {isa = PBXBuildFile; fileRef = 089C165CFE840E0CC02AAC07 /* InfoPlist.strings */; };
		8D11072D0486CEB800E47090 /* main.m in Sources */ = {isa = PBXBuildFile; fileRef = 29B97316FDCFA39411CA2CEA /* main.m */; settings = {ATTRIBUTES = (); }; };
		8D11072F0486CEB800E47090 /* Cocoa.framework in Frameworks */ = {isa = PBXBuildFile; fileRef = 1058C7A1FEA54F0111CA2CBB /* Cocoa.framework */; };
		A0283D49104D6473003268BF /* LogView.m in Sources */ = {isa = PBXBuildFile; fileRef = A0283D48104D6473003268BF /* LogView.m */; };
		A05D6718103A096F00623928 /* RegexKit.framework in Frameworks */ = {isa = PBXBuildFile; fileRef = A05D6717103A096F00623928 /* RegexKit.framework */; };
		A05D69C0103A112000623928 /* RegexKit.framework in Copy Frameworks */ = {isa = PBXBuildFile; fileRef = A05D6717103A096F00623928 /* RegexKit.framework */; };
		A088A132107C0F6D00C568CA /* FDBCommunicator.m in Sources */ = {isa = PBXBuildFile; fileRef = A088A131107C0F6D00C568CA /* FDBCommunicator.m */; };
		A0B60582104AF35E0046B2DA /* TB_Run.png in Resources */ = {isa = PBXBuildFile; fileRef = A0B6057D104AF35E0046B2DA /* TB_Run.png */; };
		A0B60583104AF35E0046B2DA /* TB_Step.png in Resources */ = {isa = PBXBuildFile; fileRef = A0B6057E104AF35E0046B2DA /* TB_Step.png */; };
		A0B60584104AF35E0046B2DA /* TB_StepOver.png in Resources */ = {isa = PBXBuildFile; fileRef = A0B6057F104AF35E0046B2DA /* TB_StepOver.png */; };
		A0B60585104AF35E0046B2DA /* TB_Stop.png in Resources */ = {isa = PBXBuildFile; fileRef = A0B60580104AF35E0046B2DA /* TB_Stop.png */; };
		A0B60586104AF35E0046B2DA /* wait_for_player.png in Resources */ = {isa = PBXBuildFile; fileRef = A0B60581104AF35E0046B2DA /* wait_for_player.png */; };
		A0B60599104AF4900046B2DA /* Preferences.xib in Resources */ = {isa = PBXBuildFile; fileRef = A0B60597104AF4900046B2DA /* Preferences.xib */; };
		A0B6059E104AF5200046B2DA /* DebuggerView.png in Resources */ = {isa = PBXBuildFile; fileRef = A0B6059C104AF5200046B2DA /* DebuggerView.png */; };
		A0B605A2104AF5470046B2DA /* LogViewer.png in Resources */ = {isa = PBXBuildFile; fileRef = A0B605A0104AF5470046B2DA /* LogViewer.png */; };
		A0B605A3104AF5470046B2DA /* LogViewer.icns in Resources */ = {isa = PBXBuildFile; fileRef = A0B605A1104AF5470046B2DA /* LogViewer.icns */; };
		A0B605A6104AF6D90046B2DA /* PreferencesController.m in Sources */ = {isa = PBXBuildFile; fileRef = A0B605A5104AF6D90046B2DA /* PreferencesController.m */; };
		A0B60688104B0C900046B2DA /* FlashLogViewer.xib in Resources */ = {isa = PBXBuildFile; fileRef = A0B60686104B0C900046B2DA /* FlashLogViewer.xib */; };
		A0B606F6104B0FDE0046B2DA /* DebuggingView.xib in Resources */ = {isa = PBXBuildFile; fileRef = A0B606F4104B0FDE0046B2DA /* DebuggingView.xib */; };
		A0B879B41039F3C70045DA0A /* DebuggingViewController.mm in Sources */ = {isa = PBXBuildFile; fileRef = A0B879B21039F3C60045DA0A /* DebuggingViewController.mm */; };
		A0B879B71039F3D20045DA0A /* ApplicationController.mm in Sources */ = {isa = PBXBuildFile; fileRef = A0B879B61039F3D20045DA0A /* ApplicationController.mm */; };
		A0E0ED23104ADC78006BA6F1 /* BWToolkitFramework.framework in Frameworks */ = {isa = PBXBuildFile; fileRef = A0E0ED22104ADC78006BA6F1 /* BWToolkitFramework.framework */; };
		A0E0ED54104ADC81006BA6F1 /* BWToolkitFramework.framework in Copy Frameworks */ = {isa = PBXBuildFile; fileRef = A0E0ED22104ADC78006BA6F1 /* BWToolkitFramework.framework */; };
		A0F45A47104200B700DE066E /* WebKit.framework in Frameworks */ = {isa = PBXBuildFile; fileRef = A0F45A46104200B700DE066E /* WebKit.framework */; };
		A0F45A80104207F100DE066E /* codeView in Resources */ = {isa = PBXBuildFile; fileRef = A0F45A53104207F100DE066E /* codeView */; };
/* End PBXBuildFile section */

/* Begin PBXCopyFilesBuildPhase section */
		72CEA0DE0FFFE31700E24A1F /* Copy Frameworks */ = {
			isa = PBXCopyFilesBuildPhase;
			buildActionMask = 2147483647;
			dstPath = "";
			dstSubfolderSpec = 10;
			files = (
				A0E0ED54104ADC81006BA6F1 /* BWToolkitFramework.framework in Copy Frameworks */,
				A05D69C0103A112000623928 /* RegexKit.framework in Copy Frameworks */,
			);
			name = "Copy Frameworks";
			runOnlyForDeploymentPostprocessing = 0;
		};
/* End PBXCopyFilesBuildPhase section */

/* Begin PBXFileReference section */
		089C165DFE840E0CC02AAC07 /* English */ = {isa = PBXFileReference; fileEncoding = 10; lastKnownFileType = text.plist.strings; name = English; path = English.lproj/InfoPlist.strings; sourceTree = "<group>"; };
		1058C7A1FEA54F0111CA2CBB /* Cocoa.framework */ = {isa = PBXFileReference; lastKnownFileType = wrapper.framework; name = Cocoa.framework; path = /System/Library/Frameworks/Cocoa.framework; sourceTree = "<absolute>"; };
		13E42FB307B3F0F600E4EEF1 /* CoreData.framework */ = {isa = PBXFileReference; lastKnownFileType = wrapper.framework; name = CoreData.framework; path = /System/Library/Frameworks/CoreData.framework; sourceTree = "<absolute>"; };
		1DDD58150DA1D0A300B32029 /* English */ = {isa = PBXFileReference; lastKnownFileType = file.xib; name = English; path = English.lproj/MainMenu.xib; sourceTree = "<group>"; };
		29B97316FDCFA39411CA2CEA /* main.m */ = {isa = PBXFileReference; fileEncoding = 4; lastKnownFileType = sourcecode.c.objc; path = main.m; sourceTree = "<group>"; };
		29B97324FDCFA39411CA2CEA /* AppKit.framework */ = {isa = PBXFileReference; lastKnownFileType = wrapper.framework; name = AppKit.framework; path = /System/Library/Frameworks/AppKit.framework; sourceTree = "<absolute>"; };
		29B97325FDCFA39411CA2CEA /* Foundation.framework */ = {isa = PBXFileReference; lastKnownFileType = wrapper.framework; name = Foundation.framework; path = /System/Library/Frameworks/Foundation.framework; sourceTree = "<absolute>"; };
		32CA4F630368D1EE00C91783 /* as3Debugger_Prefix.pch */ = {isa = PBXFileReference; fileEncoding = 4; lastKnownFileType = sourcecode.c.h; path = as3Debugger_Prefix.pch; sourceTree = "<group>"; };
		72B3C1860FF65052004C58DC /* TaskWrapper.h */ = {isa = PBXFileReference; fileEncoding = 4; lastKnownFileType = sourcecode.c.h; name = TaskWrapper.h; path = src/TaskWrapper.h; sourceTree = "<group>"; };
		72B3C1870FF65052004C58DC /* TaskWrapper.m */ = {isa = PBXFileReference; fileEncoding = 4; lastKnownFileType = sourcecode.c.objc; name = TaskWrapper.m; path = src/TaskWrapper.m; sourceTree = "<group>"; };
		72B3C1880FF65052004C58DC /* FlashLogViewerController.h */ = {isa = PBXFileReference; fileEncoding = 4; lastKnownFileType = sourcecode.c.h; name = FlashLogViewerController.h; path = src/FlashLogViewerController.h; sourceTree = "<group>"; };
		72B3C1890FF65052004C58DC /* FlashLogViewerController.mm */ = {isa = PBXFileReference; fileEncoding = 4; lastKnownFileType = sourcecode.cpp.objcpp; name = FlashLogViewerController.mm; path = src/FlashLogViewerController.mm; sourceTree = "<group>"; };
		72CEA0790FFFDA8200E24A1F /* AlphaPanel.m */ = {isa = PBXFileReference; fileEncoding = 4; lastKnownFileType = sourcecode.c.objc; name = AlphaPanel.m; path = src/AlphaPanel.m; sourceTree = "<group>"; };
		72CEA07A0FFFDA8200E24A1F /* AlphaPanel.h */ = {isa = PBXFileReference; fileEncoding = 4; lastKnownFileType = sourcecode.c.h; name = AlphaPanel.h; path = src/AlphaPanel.h; sourceTree = "<group>"; };
		8D1107310486CEB800E47090 /* Info.plist */ = {isa = PBXFileReference; fileEncoding = 4; lastKnownFileType = text.plist.xml; path = Info.plist; sourceTree = "<group>"; };
		8D1107320486CEB800E47090 /* as3Debugger.app */ = {isa = PBXFileReference; explicitFileType = wrapper.application; includeInIndex = 0; path = as3Debugger.app; sourceTree = BUILT_PRODUCTS_DIR; };
		A0283D47104D6473003268BF /* LogView.h */ = {isa = PBXFileReference; fileEncoding = 4; lastKnownFileType = sourcecode.c.h; name = LogView.h; path = src/LogView.h; sourceTree = "<group>"; };
		A0283D48104D6473003268BF /* LogView.m */ = {isa = PBXFileReference; fileEncoding = 4; lastKnownFileType = sourcecode.c.objc; name = LogView.m; path = src/LogView.m; sourceTree = "<group>"; };
		A05C69FC1050779F00E63E33 /* Variable.h */ = {isa = PBXFileReference; fileEncoding = 4; lastKnownFileType = sourcecode.c.h; name = Variable.h; path = src/Variable.h; sourceTree = "<group>"; };
		A05C69FD1050779F00E63E33 /* Variable.m */ = {isa = PBXFileReference; fileEncoding = 4; lastKnownFileType = sourcecode.c.objc; name = Variable.m; path = src/Variable.m; sourceTree = "<group>"; };
		A05D6717103A096F00623928 /* RegexKit.framework */ = {isa = PBXFileReference; lastKnownFileType = wrapper.framework; name = RegexKit.framework; path = lib/RegexKit.framework; sourceTree = "<group>"; };
		A088A130107C0F6D00C568CA /* FDBCommunicator.h */ = {isa = PBXFileReference; fileEncoding = 4; lastKnownFileType = sourcecode.c.h; path = FDBCommunicator.h; sourceTree = "<group>"; };
		A088A131107C0F6D00C568CA /* FDBCommunicator.m */ = {isa = PBXFileReference; fileEncoding = 4; lastKnownFileType = sourcecode.c.objc; path = FDBCommunicator.m; sourceTree = "<group>"; };
		A0A5B0211044BABC00A5949E /* as3BundleHelper.sdef */ = {isa = PBXFileReference; fileEncoding = 4; lastKnownFileType = text.sdef; name = as3BundleHelper.sdef; path = applescript/as3BundleHelper.sdef; sourceTree = "<group>"; };
		A0B6057D104AF35E0046B2DA /* TB_Run.png */ = {isa = PBXFileReference; lastKnownFileType = image.png; name = TB_Run.png; path = Resources/icons/debugger/TB_Run.png; sourceTree = "<group>"; };
		A0B6057E104AF35E0046B2DA /* TB_Step.png */ = {isa = PBXFileReference; lastKnownFileType = image.png; name = TB_Step.png; path = Resources/icons/debugger/TB_Step.png; sourceTree = "<group>"; };
		A0B6057F104AF35E0046B2DA /* TB_StepOver.png */ = {isa = PBXFileReference; lastKnownFileType = image.png; name = TB_StepOver.png; path = Resources/icons/debugger/TB_StepOver.png; sourceTree = "<group>"; };
		A0B60580104AF35E0046B2DA /* TB_Stop.png */ = {isa = PBXFileReference; lastKnownFileType = image.png; name = TB_Stop.png; path = Resources/icons/debugger/TB_Stop.png; sourceTree = "<group>"; };
		A0B60581104AF35E0046B2DA /* wait_for_player.png */ = {isa = PBXFileReference; lastKnownFileType = image.png; name = wait_for_player.png; path = Resources/icons/debugger/wait_for_player.png; sourceTree = "<group>"; };
		A0B60598104AF4900046B2DA /* English */ = {isa = PBXFileReference; lastKnownFileType = file.xib; name = English; path = English.lproj/Preferences.xib; sourceTree = "<group>"; };
		A0B6059C104AF5200046B2DA /* DebuggerView.png */ = {isa = PBXFileReference; lastKnownFileType = image.png; name = DebuggerView.png; path = Resources/icons/preferences/DebuggerView.png; sourceTree = "<group>"; };
		A0B605A0104AF5470046B2DA /* LogViewer.png */ = {isa = PBXFileReference; lastKnownFileType = image.png; name = LogViewer.png; path = Resources/icons/preferences/LogViewer.png; sourceTree = "<group>"; };
		A0B605A1104AF5470046B2DA /* LogViewer.icns */ = {isa = PBXFileReference; lastKnownFileType = image.icns; name = LogViewer.icns; path = Resources/icons/preferences/LogViewer.icns; sourceTree = "<group>"; };
		A0B605A4104AF6D90046B2DA /* PreferencesController.h */ = {isa = PBXFileReference; fileEncoding = 4; lastKnownFileType = sourcecode.c.h; name = PreferencesController.h; path = src/PreferencesController.h; sourceTree = "<group>"; };
		A0B605A5104AF6D90046B2DA /* PreferencesController.m */ = {isa = PBXFileReference; fileEncoding = 4; lastKnownFileType = sourcecode.c.objc; name = PreferencesController.m; path = src/PreferencesController.m; sourceTree = "<group>"; };
		A0B60687104B0C900046B2DA /* English */ = {isa = PBXFileReference; lastKnownFileType = file.xib; name = English; path = English.lproj/FlashLogViewer.xib; sourceTree = "<group>"; };
		A0B606F5104B0FDE0046B2DA /* English */ = {isa = PBXFileReference; lastKnownFileType = file.xib; name = English; path = English.lproj/DebuggingView.xib; sourceTree = "<group>"; };
		A0B879B21039F3C60045DA0A /* DebuggingViewController.mm */ = {isa = PBXFileReference; fileEncoding = 4; lastKnownFileType = sourcecode.cpp.objcpp; name = DebuggingViewController.mm; path = src/DebuggingViewController.mm; sourceTree = "<group>"; };
		A0B879B31039F3C70045DA0A /* DebuggingViewController.h */ = {isa = PBXFileReference; fileEncoding = 4; lastKnownFileType = sourcecode.c.h; name = DebuggingViewController.h; path = src/DebuggingViewController.h; sourceTree = "<group>"; };
		A0B879B51039F3D20045DA0A /* ApplicationController.h */ = {isa = PBXFileReference; fileEncoding = 4; lastKnownFileType = sourcecode.c.h; name = ApplicationController.h; path = src/ApplicationController.h; sourceTree = "<group>"; };
		A0B879B61039F3D20045DA0A /* ApplicationController.mm */ = {isa = PBXFileReference; fileEncoding = 4; lastKnownFileType = sourcecode.cpp.objcpp; name = ApplicationController.mm; path = src/ApplicationController.mm; sourceTree = "<group>"; };
		A0E0ED22104ADC78006BA6F1 /* BWToolkitFramework.framework */ = {isa = PBXFileReference; lastKnownFileType = wrapper.framework; name = BWToolkitFramework.framework; path = lib/BWToolkit/BWToolkitFramework.framework; sourceTree = "<group>"; };
		A0F45A46104200B700DE066E /* WebKit.framework */ = {isa = PBXFileReference; lastKnownFileType = wrapper.framework; name = WebKit.framework; path = /System/Library/Frameworks/WebKit.framework; sourceTree = "<absolute>"; };
		A0F45A53104207F100DE066E /* codeView */ = {isa = PBXFileReference; lastKnownFileType = folder; name = codeView; path = Resources/codeView; sourceTree = "<group>"; };
/* End PBXFileReference section */

/* Begin PBXFrameworksBuildPhase section */
		8D11072E0486CEB800E47090 /* Frameworks */ = {
			isa = PBXFrameworksBuildPhase;
			buildActionMask = 2147483647;
			files = (
				8D11072F0486CEB800E47090 /* Cocoa.framework in Frameworks */,
				A05D6718103A096F00623928 /* RegexKit.framework in Frameworks */,
				A0F45A47104200B700DE066E /* WebKit.framework in Frameworks */,
				A0E0ED23104ADC78006BA6F1 /* BWToolkitFramework.framework in Frameworks */,
			);
			runOnlyForDeploymentPostprocessing = 0;
		};
/* End PBXFrameworksBuildPhase section */

/* Begin PBXGroup section */
		080E96DDFE201D6D7F000001 /* Classes */ = {
			isa = PBXGroup;
			children = (
				72443D30101CE62F000D76CE /* Prefences */,
				72443CD2101CCF93000D76CE /* DebuggingView */,
				72443CD1101CCF78000D76CE /* LogViewer */,
				72B3C1860FF65052004C58DC /* TaskWrapper.h */,
				72B3C1870FF65052004C58DC /* TaskWrapper.m */,
				A0B879B51039F3D20045DA0A /* ApplicationController.h */,
				A0B879B61039F3D20045DA0A /* ApplicationController.mm */,
			);
			name = Classes;
			sourceTree = "<group>";
		};
		1058C7A0FEA54F0111CA2CBB /* Linked Frameworks */ = {
			isa = PBXGroup;
			children = (
				A0E0ED22104ADC78006BA6F1 /* BWToolkitFramework.framework */,
				A0F45A46104200B700DE066E /* WebKit.framework */,
				A05D6717103A096F00623928 /* RegexKit.framework */,
				1058C7A1FEA54F0111CA2CBB /* Cocoa.framework */,
			);
			name = "Linked Frameworks";
			sourceTree = "<group>";
		};
		1058C7A2FEA54F0111CA2CBB /* Other Frameworks */ = {
			isa = PBXGroup;
			children = (
				29B97324FDCFA39411CA2CEA /* AppKit.framework */,
				13E42FB307B3F0F600E4EEF1 /* CoreData.framework */,
				29B97325FDCFA39411CA2CEA /* Foundation.framework */,
			);
			name = "Other Frameworks";
			sourceTree = "<group>";
		};
		19C28FACFE9D520D11CA2CBB /* Products */ = {
			isa = PBXGroup;
			children = (
				8D1107320486CEB800E47090 /* as3Debugger.app */,
			);
			name = Products;
			sourceTree = "<group>";
		};
		29B97314FDCFA39411CA2CEA /* as3Debugger */ = {
			isa = PBXGroup;
			children = (
				080E96DDFE201D6D7F000001 /* Classes */,
				29B97315FDCFA39411CA2CEA /* Other Sources */,
				29B97317FDCFA39411CA2CEA /* Resources */,
				29B97323FDCFA39411CA2CEA /* Frameworks */,
				19C28FACFE9D520D11CA2CBB /* Products */,
			);
			name = as3Debugger;
			sourceTree = "<group>";
		};
		29B97315FDCFA39411CA2CEA /* Other Sources */ = {
			isa = PBXGroup;
			children = (
				32CA4F630368D1EE00C91783 /* as3Debugger_Prefix.pch */,
				29B97316FDCFA39411CA2CEA /* main.m */,
			);
			name = "Other Sources";
			sourceTree = "<group>";
		};
		29B97317FDCFA39411CA2CEA /* Resources */ = {
			isa = PBXGroup;
			children = (
				A0B605A1104AF5470046B2DA /* LogViewer.icns */,
				A0F45A53104207F100DE066E /* codeView */,
				72C1A9E2101CB2F600EAD900 /* Icons */,
				8D1107310486CEB800E47090 /* Info.plist */,
				089C165CFE840E0CC02AAC07 /* InfoPlist.strings */,
				1DDD58140DA1D0A300B32029 /* MainMenu.xib */,
				A0A5B0211044BABC00A5949E /* as3BundleHelper.sdef */,
			);
			name = Resources;
			sourceTree = "<group>";
		};
		29B97323FDCFA39411CA2CEA /* Frameworks */ = {
			isa = PBXGroup;
			children = (
				1058C7A0FEA54F0111CA2CBB /* Linked Frameworks */,
				1058C7A2FEA54F0111CA2CBB /* Other Frameworks */,
			);
			name = Frameworks;
			sourceTree = "<group>";
		};
		72443CD1101CCF78000D76CE /* LogViewer */ = {
			isa = PBXGroup;
			children = (
				72CEA0790FFFDA8200E24A1F /* AlphaPanel.m */,
				72CEA07A0FFFDA8200E24A1F /* AlphaPanel.h */,
				72B3C1880FF65052004C58DC /* FlashLogViewerController.h */,
				72B3C1890FF65052004C58DC /* FlashLogViewerController.mm */,
				A0B60686104B0C900046B2DA /* FlashLogViewer.xib */,
				A0283D47104D6473003268BF /* LogView.h */,
				A0283D48104D6473003268BF /* LogView.m */,
			);
			name = LogViewer;
			sourceTree = "<group>";
		};
		72443CD2101CCF93000D76CE /* DebuggingView */ = {
			isa = PBXGroup;
			children = (
				A05C69FB1050776800E63E33 /* Variables */,
				A0B879B31039F3C70045DA0A /* DebuggingViewController.h */,
				A0B879B21039F3C60045DA0A /* DebuggingViewController.mm */,
				A088A130107C0F6D00C568CA /* FDBCommunicator.h */,
				A088A131107C0F6D00C568CA /* FDBCommunicator.m */,
				A0B606F4104B0FDE0046B2DA /* DebuggingView.xib */,
			);
			name = DebuggingView;
			sourceTree = "<group>";
		};
		72443D30101CE62F000D76CE /* Prefences */ = {
			isa = PBXGroup;
			children = (
				A0B605A4104AF6D90046B2DA /* PreferencesController.h */,
				A0B605A5104AF6D90046B2DA /* PreferencesController.m */,
				A0B60597104AF4900046B2DA /* Preferences.xib */,
			);
			name = Prefences;
			sourceTree = "<group>";
		};
		72C1A9E2101CB2F600EAD900 /* Icons */ = {
			isa = PBXGroup;
			children = (
				A0B60587104AF36F0046B2DA /* preferences */,
				A0B60577104AF34B0046B2DA /* debugger */,
			);
			name = Icons;
			sourceTree = "<group>";
		};
		A05C69FB1050776800E63E33 /* Variables */ = {
			isa = PBXGroup;
			children = (
				A05C69FC1050779F00E63E33 /* Variable.h */,
				A05C69FD1050779F00E63E33 /* Variable.m */,
			);
			name = Variables;
			sourceTree = "<group>";
		};
		A0B60577104AF34B0046B2DA /* debugger */ = {
			isa = PBXGroup;
			children = (
				A0B6057D104AF35E0046B2DA /* TB_Run.png */,
				A0B6057E104AF35E0046B2DA /* TB_Step.png */,
				A0B6057F104AF35E0046B2DA /* TB_StepOver.png */,
				A0B60580104AF35E0046B2DA /* TB_Stop.png */,
				A0B60581104AF35E0046B2DA /* wait_for_player.png */,
			);
			name = debugger;
			sourceTree = "<group>";
		};
		A0B60587104AF36F0046B2DA /* preferences */ = {
			isa = PBXGroup;
			children = (
				A0B605A0104AF5470046B2DA /* LogViewer.png */,
				A0B6059C104AF5200046B2DA /* DebuggerView.png */,
			);
			name = preferences;
			sourceTree = "<group>";
		};
/* End PBXGroup section */

/* Begin PBXNativeTarget section */
		8D1107260486CEB800E47090 /* as3BundleHelper */ = {
			isa = PBXNativeTarget;
			buildConfigurationList = C01FCF4A08A954540054247B /* Build configuration list for PBXNativeTarget "as3BundleHelper" */;
			buildPhases = (
				8D1107290486CEB800E47090 /* Resources */,
				8D11072C0486CEB800E47090 /* Sources */,
				8D11072E0486CEB800E47090 /* Frameworks */,
				72CEA0DE0FFFE31700E24A1F /* Copy Frameworks */,
				A0A5B0501044BD5F00A5949E /* ShellScript */,
			);
			buildRules = (
			);
			dependencies = (
			);
			name = as3BundleHelper;
			productInstallPath = "$(HOME)/Applications";
			productName = as3Debugger;
			productReference = 8D1107320486CEB800E47090 /* as3Debugger.app */;
			productType = "com.apple.product-type.application";
		};
/* End PBXNativeTarget section */

/* Begin PBXProject section */
		29B97313FDCFA39411CA2CEA /* Project object */ = {
			isa = PBXProject;
			attributes = {
				ORGANIZATIONNAME = "Lucas Dupin";
			};
			buildConfigurationList = C01FCF4E08A954540054247B /* Build configuration list for PBXProject "as3Debugger" */;
			compatibilityVersion = "Xcode 3.1";
			hasScannedForEncodings = 1;
			mainGroup = 29B97314FDCFA39411CA2CEA /* as3Debugger */;
			projectDirPath = "";
			projectRoot = "";
			targets = (
				8D1107260486CEB800E47090 /* as3BundleHelper */,
			);
		};
/* End PBXProject section */

/* Begin PBXResourcesBuildPhase section */
		8D1107290486CEB800E47090 /* Resources */ = {
			isa = PBXResourcesBuildPhase;
			buildActionMask = 2147483647;
			files = (
				8D11072B0486CEB800E47090 /* InfoPlist.strings in Resources */,
				1DDD58160DA1D0A300B32029 /* MainMenu.xib in Resources */,
				A0F45A80104207F100DE066E /* codeView in Resources */,
				A0B60582104AF35E0046B2DA /* TB_Run.png in Resources */,
				A0B60583104AF35E0046B2DA /* TB_Step.png in Resources */,
				A0B60584104AF35E0046B2DA /* TB_StepOver.png in Resources */,
				A0B60585104AF35E0046B2DA /* TB_Stop.png in Resources */,
				A0B60586104AF35E0046B2DA /* wait_for_player.png in Resources */,
				A0B60599104AF4900046B2DA /* Preferences.xib in Resources */,
				A0B6059E104AF5200046B2DA /* DebuggerView.png in Resources */,
				A0B605A2104AF5470046B2DA /* LogViewer.png in Resources */,
				A0B605A3104AF5470046B2DA /* LogViewer.icns in Resources */,
				A0B60688104B0C900046B2DA /* FlashLogViewer.xib in Resources */,
				A0B606F6104B0FDE0046B2DA /* DebuggingView.xib in Resources */,
			);
			runOnlyForDeploymentPostprocessing = 0;
		};
/* End PBXResourcesBuildPhase section */

/* Begin PBXShellScriptBuildPhase section */
		A0A5B0501044BD5F00A5949E /* ShellScript */ = {
			isa = PBXShellScriptBuildPhase;
			buildActionMask = 2147483647;
			files = (
			);
			inputPaths = (
			);
			outputPaths = (
			);
			runOnlyForDeploymentPostprocessing = 0;
			shellPath = /bin/sh;
			shellScript = "/usr/bin/sdp -fast -o \"$BUILT_PRODUCTS_DIR/$FULL_PRODUCT_NAME/Contents/Resources\" \"$SOURCE_ROOT/applescript/as3BundleHelper.sdef\"";
		};
/* End PBXShellScriptBuildPhase section */

/* Begin PBXSourcesBuildPhase section */
		8D11072C0486CEB800E47090 /* Sources */ = {
			isa = PBXSourcesBuildPhase;
			buildActionMask = 2147483647;
			files = (
				8D11072D0486CEB800E47090 /* main.m in Sources */,
				72B3C18B0FF65052004C58DC /* TaskWrapper.m in Sources */,
				72B3C18C0FF65052004C58DC /* FlashLogViewerController.mm in Sources */,
				72CEA07B0FFFDA8200E24A1F /* AlphaPanel.m in Sources */,
				A0B879B41039F3C70045DA0A /* DebuggingViewController.mm in Sources */,
				A0B879B71039F3D20045DA0A /* ApplicationController.mm in Sources */,
				A0B605A6104AF6D90046B2DA /* PreferencesController.m in Sources */,
				A0283D49104D6473003268BF /* LogView.m in Sources */,
				A088A132107C0F6D00C568CA /* FDBCommunicator.m in Sources */,
			);
			runOnlyForDeploymentPostprocessing = 0;
		};
/* End PBXSourcesBuildPhase section */

/* Begin PBXVariantGroup section */
		089C165CFE840E0CC02AAC07 /* InfoPlist.strings */ = {
			isa = PBXVariantGroup;
			children = (
				089C165DFE840E0CC02AAC07 /* English */,
			);
			name = InfoPlist.strings;
			sourceTree = "<group>";
		};
		1DDD58140DA1D0A300B32029 /* MainMenu.xib */ = {
			isa = PBXVariantGroup;
			children = (
				1DDD58150DA1D0A300B32029 /* English */,
			);
			name = MainMenu.xib;
			sourceTree = "<group>";
		};
		A0B60597104AF4900046B2DA /* Preferences.xib */ = {
			isa = PBXVariantGroup;
			children = (
				A0B60598104AF4900046B2DA /* English */,
			);
			name = Preferences.xib;
			sourceTree = "<group>";
		};
		A0B60686104B0C900046B2DA /* FlashLogViewer.xib */ = {
			isa = PBXVariantGroup;
			children = (
				A0B60687104B0C900046B2DA /* English */,
			);
			name = FlashLogViewer.xib;
			sourceTree = "<group>";
		};
		A0B606F4104B0FDE0046B2DA /* DebuggingView.xib */ = {
			isa = PBXVariantGroup;
			children = (
				A0B606F5104B0FDE0046B2DA /* English */,
			);
			name = DebuggingView.xib;
			sourceTree = "<group>";
		};
/* End PBXVariantGroup section */

/* Begin XCBuildConfiguration section */
		C01FCF4B08A954540054247B /* Debug */ = {
			isa = XCBuildConfiguration;
			buildSettings = {
				ALWAYS_SEARCH_USER_PATHS = NO;
				COPY_PHASE_STRIP = NO;
				FRAMEWORK_SEARCH_PATHS = (
					"$(inherited)",
					"\"$(SRCROOT)/../rubyCocoa/bghudappkit-read-only/build/Release\"",
					"\"$(SRCROOT)/frameworks\"",
					"\"$(SRCROOT)\"",
					"\"$(SRCROOT)/lib\"",
					"\"$(SRCROOT)/../../../Library/Frameworks\"",
					"\"$(SRCROOT)/lib/BWToolkit\"",
				);
				GCC_DYNAMIC_NO_PIC = NO;
				GCC_ENABLE_FIX_AND_CONTINUE = YES;
				GCC_MODEL_TUNING = G5;
				GCC_OPTIMIZATION_LEVEL = 0;
				GCC_PRECOMPILE_PREFIX_HEADER = YES;
				GCC_PREFIX_HEADER = as3Debugger_Prefix.pch;
				INFOPLIST_FILE = Info.plist;
				INSTALL_PATH = "$(HOME)/Applications";
				PRODUCT_NAME = as3Debugger;
			};
			name = Debug;
		};
		C01FCF4C08A954540054247B /* Release */ = {
			isa = XCBuildConfiguration;
			buildSettings = {
				ALWAYS_SEARCH_USER_PATHS = NO;
				DEBUG_INFORMATION_FORMAT = "dwarf-with-dsym";
				FRAMEWORK_SEARCH_PATHS = (
					"$(inherited)",
					"\"$(SRCROOT)/../rubyCocoa/bghudappkit-read-only/build/Release\"",
					"\"$(SRCROOT)/frameworks\"",
					"\"$(SRCROOT)\"",
					"\"$(SRCROOT)/lib\"",
					"\"$(SRCROOT)/../../../Library/Frameworks\"",
					"\"$(SRCROOT)/lib/BWToolkit\"",
				);
				GCC_MODEL_TUNING = G5;
				GCC_PRECOMPILE_PREFIX_HEADER = YES;
				GCC_PREFIX_HEADER = as3Debugger_Prefix.pch;
				INFOPLIST_FILE = Info.plist;
				INSTALL_PATH = "$(HOME)/Applications";
				PRODUCT_NAME = as3Debugger;
			};
			name = Release;
		};
		C01FCF4F08A954540054247B /* Debug */ = {
			isa = XCBuildConfiguration;
			buildSettings = {
				ARCHS = "$(ARCHS_STANDARD_32_BIT)";
				GCC_C_LANGUAGE_STANDARD = c99;
				GCC_ENABLE_OBJC_GC = supported;
				GCC_OPTIMIZATION_LEVEL = 0;
				GCC_VERSION = 4.2;
				GCC_WARN_ABOUT_RETURN_TYPE = YES;
				GCC_WARN_UNUSED_VARIABLE = YES;
				ONLY_ACTIVE_ARCH = YES;
				OTHER_LDFLAGS = "-lz";
				PREBINDING = NO;
				SDKROOT = macosx10.5;
			};
			name = Debug;
		};
		C01FCF5008A954540054247B /* Release */ = {
			isa = XCBuildConfiguration;
			buildSettings = {
				ARCHS = "$(ARCHS_STANDARD_32_BIT)";
				GCC_C_LANGUAGE_STANDARD = c99;
				GCC_ENABLE_OBJC_GC = supported;
				GCC_WARN_ABOUT_RETURN_TYPE = YES;
				GCC_WARN_UNUSED_VARIABLE = YES;
				OTHER_LDFLAGS = "-lz";
				PREBINDING = NO;
				SDKROOT = macosx10.5;
			};
			name = Release;
		};
/* End XCBuildConfiguration section */

/* Begin XCConfigurationList section */
		C01FCF4A08A954540054247B /* Build configuration list for PBXNativeTarget "as3BundleHelper" */ = {
			isa = XCConfigurationList;
			buildConfigurations = (
				C01FCF4B08A954540054247B /* Debug */,
				C01FCF4C08A954540054247B /* Release */,
			);
			defaultConfigurationIsVisible = 0;
			defaultConfigurationName = Release;
		};
		C01FCF4E08A954540054247B /* Build configuration list for PBXProject "as3Debugger" */ = {
			isa = XCConfigurationList;
			buildConfigurations = (
				C01FCF4F08A954540054247B /* Debug */,
				C01FCF5008A954540054247B /* Release */,
			);
			defaultConfigurationIsVisible = 0;
			defaultConfigurationName = Release;
		};
/* End XCConfigurationList section */
	};
	rootObject = 29B97313FDCFA39411CA2CEA /* Project object */;
}
